<?xml version="1.0" encoding="utf-8"?>
<Project ToolsVersion="4.0" xmlns="http://schemas.microsoft.com/developer/msbuild/2003">
  <ItemGroup>
    <Filter Include="Source Files">
      <UniqueIdentifier>{4FC737F1-C7A5-4376-A066-2A32D752A2FF}</UniqueIdentifier>
      <Extensions>cpp;c;cc;cxx;def;odl;idl;hpj;bat;asm;asmx</Extensions>
    </Filter>
    <Filter Include="Header Files">
      <UniqueIdentifier>{93995380-89BD-4b04-88EB-625FBE52EBFB}</UniqueIdentifier>
      <Extensions>h;hh;hpp;hxx;hm;inl;inc;xsd</Extensions>
    </Filter>
    <Filter Include="Resource Files">
      <UniqueIdentifier>{67DA6AB6-F800-4c08-8B7A-83BB121AAD01}</UniqueIdentifier>
      <Extensions>rc;ico;cur;bmp;dlg;rc2;rct;bin;rgs;gif;jpg;jpeg;jpe;resx;tiff;tif;png;wav;mfcribbon-ms</Extensions>
    </Filter>
    <Filter Include="Header Files\GL">
      <UniqueIdentifier>{65eec09f-700d-4379-b336-1514b675fdc1}</UniqueIdentifier>
    </Filter>
    <Filter Include="Header Files\Math3d">
      <UniqueIdentifier>{e10cc1ec-bb71-4d90-8e87-dd43aba2ed2f}</UniqueIdentifier>
    </Filter>
    <Filter Include="Header Files\Model">
      <UniqueIdentifier>{ceb7dadd-a94d-4d51-b2f0-a29808e794b7}</UniqueIdentifier>
    </Filter>
    <Filter Include="Header Files\View">
      <UniqueIdentifier>{17fe5410-c77b-4447-ad42-0c1094adc144}</UniqueIdentifier>
    </Filter>
    <Filter Include="Source Files\GL">
      <UniqueIdentifier>{af062074-8898-4381-8299-0786a11ede9e}</UniqueIdentifier>
    </Filter>
    <Filter Include="Source Files\Math3d">
      <UniqueIdentifier>{fd7c76e9-75a2-4466-808e-d97e6d81cf22}</UniqueIdentifier>
    </Filter>
    <Filter Include="Source Files\View">
      <UniqueIdentifier>{7d05220b-49ac-48a9-891b-43619009ba5b}</UniqueIdentifier>
    </Filter>
    <Filter Include="Source Files\Util">
      <UniqueIdentifier>{eb7843df-1160-42ae-96f0-c42350065d16}</UniqueIdentifier>
    </Filter>
    <Filter Include="Source Files\Model">
      <UniqueIdentifier>{53ac2099-5cd2-4d2d-a310-cab597e75294}</UniqueIdentifier>
    </Filter>
    <Filter Include="Header Files\Util">
      <UniqueIdentifier>{fbadaf77-8566-4406-a316-704037efeb16}</UniqueIdentifier>
    </Filter>
  </ItemGroup>
  <ItemGroup>
    <ClInclude Include="src\Interfaces.h">
      <Filter>Header Files</Filter>
    </ClInclude>
    <ClInclude Include="src\pch.h">
      <Filter>Header Files</Filter>
    </ClInclude>
    <ClInclude Include="src\GL\glad.h">
      <Filter>Header Files\GL</Filter>
    </ClInclude>
    <ClInclude Include="src\GL\khrplatform.h">
      <Filter>Header Files\GL</Filter>
    </ClInclude>
    <ClInclude Include="src\GL\VertexBufferObject.h">
      <Filter>Header Files\GL</Filter>
    </ClInclude>
    <ClInclude Include="src\Math3d\Angle.h">
      <Filter>Header Files\Math3d</Filter>
    </ClInclude>
    <ClInclude Include="src\Math3d\Geometry.h">
      <Filter>Header Files\Math3d</Filter>
    </ClInclude>
    <ClInclude Include="src\Math3d\Matrix.h">
      <Filter>Header Files\Math3d</Filter>
    </ClInclude>
    <ClInclude Include="src\Math3d\Plane.h">
      <Filter>Header Files\Math3d</Filter>
    </ClInclude>
    <ClInclude Include="src\Math3d\Vector.h">
      <Filter>Header Files\Math3d</Filter>
    </ClInclude>
    <ClInclude Include="src\Model\Teapot.h">
      <Filter>Header Files\Model</Filter>
    </ClInclude>
    <ClInclude Include="src\Model\Transform.h">
      <Filter>Header Files\Model</Filter>
    </ClInclude>
    <ClInclude Include="src\Model\Vertex.h">
      <Filter>Header Files\Model</Filter>
    </ClInclude>
    <ClInclude Include="src\Util\ObjFile.h">
      <Filter>Header Files\Util</Filter>
    </ClInclude>
    <ClInclude Include="src\Util\Util.h">
      <Filter>Header Files\Util</Filter>
    </ClInclude>
    <ClInclude Include="src\View\Camera.h">
      <Filter>Header Files\View</Filter>
    </ClInclude>
    <ClInclude Include="src\GL\GLDevice.h">
      <Filter>Header Files\GL</Filter>
    </ClInclude>
    <ClInclude Include="src\Model\Object.h">
      <Filter>Header Files\Model</Filter>
    </ClInclude>
    <ClInclude Include="src\GL\Shader.h">
      <Filter>Header Files\GL</Filter>
    </ClInclude>
  </ItemGroup>
  <ItemGroup>
    <ClCompile Include="src\main.cpp">
      <Filter>Source Files</Filter>
    </ClCompile>
    <ClCompile Include="src\GL\glad.cpp">
      <Filter>Source Files\GL</Filter>
    </ClCompile>
    <ClCompile Include="src\GL\VertexBufferObject.cpp">
      <Filter>Source Files\GL</Filter>
    </ClCompile>
    <ClCompile Include="src\Math3d\Angle.cpp">
      <Filter>Source Files\Math3d</Filter>
    </ClCompile>
    <ClCompile Include="src\Math3d\Geometry.cpp">
      <Filter>Source Files\Math3d</Filter>
    </ClCompile>
    <ClCompile Include="src\Math3d\Plane.cpp">
      <Filter>Source Files\Math3d</Filter>
    </ClCompile>
    <ClCompile Include="src\Math3d\Vector.cpp">
      <Filter>Source Files\Math3d</Filter>
    </ClCompile>
    <ClCompile Include="src\Model\Transform.cpp">
      <Filter>Source Files\Model</Filter>
    </ClCompile>
    <ClCompile Include="src\Model\Vertex.cpp">
      <Filter>Source Files\Model</Filter>
    </ClCompile>
    <ClCompile Include="src\Util\ObjFile.cpp">
      <Filter>Source Files\Util</Filter>
    </ClCompile>
    <ClCompile Include="src\Util\Util.cpp">
      <Filter>Source Files\Util</Filter>
    </ClCompile>
    <ClCompile Include="src\View\Camera.cpp">
      <Filter>Source Files\View</Filter>
    </ClCompile>
    <ClCompile Include="src\pch.cpp">
      <Filter>Source Files</Filter>
    </ClCompile>
    <ClCompile Include="src\Math3d\Matrix.cpp">
      <Filter>Source Files\Math3d</Filter>
    </ClCompile>
    <ClCompile Include="src\GL\GLDevice.cpp">
      <Filter>Source Files\GL</Filter>
    </ClCompile>
    <ClCompile Include="src\Model\Object.cpp">
      <Filter>Source Files\Model</Filter>
    </ClCompile>
    <ClCompile Include="src\GL\Shader.cpp">
      <Filter>Source Files\GL</Filter>
    </ClCompile>
  </ItemGroup>
</Project>